
Microsoft Visual Studio Solution File, Format Version 12.00
# Visual Studio Version 16
VisualStudioVersion = 16.0.29728.190
MinimumVisualStudioVersion = 10.0.40219.1
Project("{8BC9CEB8-8B4A-11D0-8D11-00A0C91BC942}") = "GenTxt2", "GenTxt2.vcxproj", "{4F89E162-C36C-4BC5-AA98-84B7ED1856E7}"
EndProject
Global
	GlobalSection(SolutionConfigurationPlatforms) = preSolution
		Debug|x64 = Debug|x64
		Debug|x86 = Debug|x86
		Release|x64 = Release|x64
		Release|x86 = Release|x86
	EndGlobalSection
	GlobalSection(ProjectConfigurationPlatforms) = postSolution
		{4F89E162-C36C-4BC5-AA98-84B7ED1856E7}.Debug|x64.ActiveCfg = Debug|x64
		{4F89E162-C36C-4BC5-AA98-84B7ED1856E7}.Debug|x64.Build.0 = Debug|x64
		{4F89E162-C36C-4BC5-AA98-84B7ED1856E7}.Debug|x86.ActiveCfg = Debug|Win32
		{4F89E162-C36C-4BC5-AA98-84B7ED1856E7}.Debug|x86.Build.0 = Debug|Win32
		{4F89E162-C36C-4BC5-AA98-84B7ED1856E7}.Release|x64.ActiveCfg = Release|x64
		{4F89E162-C36C-4BC5-AA98-84B7ED1856E7}.Release|x64.Build.0 = Release|x64
		{4F89E162-C36C-4BC5-AA98-84B7ED1856E7}.Release|x86.ActiveCfg = Release|Win32
		{4F89E162-C36C-4BC5-AA98-84B7ED1856E7}.Release|x86.Build.0 = Release|Win32
	EndGlobalSection
	GlobalSection(SolutionProperties) = preSolution
		HideSolutionNode = FALSE
	EndGlobalSection
	GlobalSection(ExtensibilityGlobals) = postSolution
		SolutionGuid = {B1B30A16-1A7B-4CF9-8ACD-2F24B7E2C913}
	EndGlobalSection
EndGlobal
